
Microsoft Visual Studio Solution File, Format Version 12.00
# Visual Studio Version 16
VisualStudioVersion = 16.0.31205.134
MinimumVisualStudioVersion = 10.0.40219.1
Project("{9A19103F-16F7-4668-BE54-9A1E7A4F7556}") = "HouseService.API", "HouseService.API\HouseService.API.csproj", "{7590676E-4AA2-4B54-A693-32B7D4957D43}"
EndProject
Project("{FAE04EC0-301F-11D3-BF4B-00C04F79EFBC}") = "HouseService.DAL", "HouseService.DAL\HouseService.DAL.csproj", "{90768261-0E65-4DB6-B843-1416EC4104D3}"
EndProject
Project("{FAE04EC0-301F-11D3-BF4B-00C04F79EFBC}") = "HouseService.BLL", "HouseService.BLL\HouseService.BLL.csproj", "{F0BD668D-6C3E-4634-A833-D2E3EBFE2DAA}"
EndProject
Global
	GlobalSection(SolutionConfigurationPlatforms) = preSolution
		Debug|Any CPU = Debug|Any CPU
		Release|Any CPU = Release|Any CPU
	EndGlobalSection
	GlobalSection(ProjectConfigurationPlatforms) = postSolution
		{7590676E-4AA2-4B54-A693-32B7D4957D43}.Debug|Any CPU.ActiveCfg = Debug|Any CPU
		{7590676E-4AA2-4B54-A693-32B7D4957D43}.Debug|Any CPU.Build.0 = Debug|Any CPU
		{7590676E-4AA2-4B54-A693-32B7D4957D43}.Release|Any CPU.ActiveCfg = Release|Any CPU
		{7590676E-4AA2-4B54-A693-32B7D4957D43}.Release|Any CPU.Build.0 = Release|Any CPU
		{90768261-0E65-4DB6-B843-1416EC4104D3}.Debug|Any CPU.ActiveCfg = Debug|Any CPU
		{90768261-0E65-4DB6-B843-1416EC4104D3}.Debug|Any CPU.Build.0 = Debug|Any CPU
		{90768261-0E65-4DB6-B843-1416EC4104D3}.Release|Any CPU.ActiveCfg = Release|Any CPU
		{90768261-0E65-4DB6-B843-1416EC4104D3}.Release|Any CPU.Build.0 = Release|Any CPU
		{F0BD668D-6C3E-4634-A833-D2E3EBFE2DAA}.Debug|Any CPU.ActiveCfg = Debug|Any CPU
		{F0BD668D-6C3E-4634-A833-D2E3EBFE2DAA}.Debug|Any CPU.Build.0 = Debug|Any CPU
		{F0BD668D-6C3E-4634-A833-D2E3EBFE2DAA}.Release|Any CPU.ActiveCfg = Release|Any CPU
		{F0BD668D-6C3E-4634-A833-D2E3EBFE2DAA}.Release|Any CPU.Build.0 = Release|Any CPU
	EndGlobalSection
	GlobalSection(SolutionProperties) = preSolution
		HideSolutionNode = FALSE
	EndGlobalSection
	GlobalSection(ExtensibilityGlobals) = postSolution
		SolutionGuid = {1A89733E-CA79-422B-AD00-0532E0924AFB}
	EndGlobalSection
EndGlobal
